
Microsoft Visual Studio Solution File, Format Version 12.00
# Visual Studio Version 16
VisualStudioVersion = 16.0.31624.102
MinimumVisualStudioVersion = 10.0.40219.1
Project("{FAE04EC0-301F-11D3-BF4B-00C04F79EFBC}") = "QuanLyQuanTraSua", "QuanLyQuanTraSua.csproj", "{49936DD0-A0C8-4A6B-B34D-2358AD87089F}"
EndProject
Project("{54435603-DBB4-11D2-8724-00A0C9A8B90C}") = "SetupForTheReal", "..\SetupForTheReal\SetupForTheReal.vdproj", "{07F02F27-DE79-4EBB-A4A9-94C06B695075}"
EndProject
Global
	GlobalSection(SolutionConfigurationPlatforms) = preSolution
		Debug|Any CPU = Debug|Any CPU
		Release|Any CPU = Release|Any CPU
	EndGlobalSection
	GlobalSection(ProjectConfigurationPlatforms) = postSolution
		{49936DD0-A0C8-4A6B-B34D-2358AD87089F}.Debug|Any CPU.ActiveCfg = Debug|Any CPU
		{49936DD0-A0C8-4A6B-B34D-2358AD87089F}.Debug|Any CPU.Build.0 = Debug|Any CPU
		{49936DD0-A0C8-4A6B-B34D-2358AD87089F}.Release|Any CPU.ActiveCfg = Release|Any CPU
		{49936DD0-A0C8-4A6B-B34D-2358AD87089F}.Release|Any CPU.Build.0 = Release|Any CPU
		{07F02F27-DE79-4EBB-A4A9-94C06B695075}.Debug|Any CPU.ActiveCfg = Debug
		{07F02F27-DE79-4EBB-A4A9-94C06B695075}.Release|Any CPU.ActiveCfg = Release
	EndGlobalSection
	GlobalSection(SolutionProperties) = preSolution
		HideSolutionNode = FALSE
	EndGlobalSection
	GlobalSection(ExtensibilityGlobals) = postSolution
		SolutionGuid = {6E19C986-C0E6-44A7-83AF-036D9E0076F3}
	EndGlobalSection
EndGlobal
